
Microsoft Visual Studio Solution File, Format Version 12.00
# Visual Studio Version 17
VisualStudioVersion = 17.1.32407.343
MinimumVisualStudioVersion = 10.0.40219.1
Project("{FAE04EC0-301F-11D3-BF4B-00C04F79EFBC}") = "EcpEmuServer", "EcpEmuServer.csproj", "{B4D69B63-B7B0-42B3-A107-4093440BA2EB}"
EndProject
Global
	GlobalSection(SolutionConfigurationPlatforms) = preSolution
		Debug|Any CPU = Debug|Any CPU
		Release|Any CPU = Release|Any CPU
	EndGlobalSection
	GlobalSection(ProjectConfigurationPlatforms) = postSolution
		{B4D69B63-B7B0-42B3-A107-4093440BA2EB}.Debug|Any CPU.ActiveCfg = Debug|Any CPU
		{B4D69B63-B7B0-42B3-A107-4093440BA2EB}.Debug|Any CPU.Build.0 = Debug|Any CPU
		{B4D69B63-B7B0-42B3-A107-4093440BA2EB}.Release|Any CPU.ActiveCfg = Release|Any CPU
		{B4D69B63-B7B0-42B3-A107-4093440BA2EB}.Release|Any CPU.Build.0 = Release|Any CPU
	EndGlobalSection
	GlobalSection(SolutionProperties) = preSolution
		HideSolutionNode = FALSE
	EndGlobalSection
	GlobalSection(ExtensibilityGlobals) = postSolution
		SolutionGuid = {E4EC6251-ACD8-4400-ACE4-C4465F5FBC89}
	EndGlobalSection
EndGlobal
